
Microsoft Visual Studio Solution File, Format Version 12.00
# Visual Studio Version 16
VisualStudioVersion = 16.0.30717.126
MinimumVisualStudioVersion = 10.0.40219.1
Project("{9A19103F-16F7-4668-BE54-9A1E7A4F7556}") = "BenFattoLog.UI", "BenFattoLog.UI\BenFattoLog.UI.csproj", "{886619F2-1EAC-4D60-A471-349FDB272391}"
EndProject
Project("{9A19103F-16F7-4668-BE54-9A1E7A4F7556}") = "BenFattoLog.BLL", "BenFattoLog.BLL\BenFattoLog.BLL.csproj", "{61E1E1E6-8BA9-4A89-8B80-3AD10E9BA8A7}"
EndProject
Project("{9A19103F-16F7-4668-BE54-9A1E7A4F7556}") = "BenFattoLog.API", "BenFattoLog.API\BenFattoLog.API.csproj", "{256C7248-292F-45FF-B848-5765F749DE92}"
EndProject
Project("{2150E333-8FDC-42A3-9474-1A3956D46DE8}") = "Domain", "Domain", "{6AF5C3B8-B834-47DA-9DE1-7F4EB07BA1D1}"
EndProject
Project("{2150E333-8FDC-42A3-9474-1A3956D46DE8}") = "Front", "Front", "{095D35B1-F231-4061-95BC-62BB9255B210}"
EndProject
Project("{2150E333-8FDC-42A3-9474-1A3956D46DE8}") = "Business", "Business", "{31C31B80-DCDB-400E-A680-87C5D161F9C7}"
EndProject
Project("{2150E333-8FDC-42A3-9474-1A3956D46DE8}") = "Infra", "Infra", "{41E0855D-F786-44C3-B0AF-494ADDFC7AD7}"
EndProject
Project("{2150E333-8FDC-42A3-9474-1A3956D46DE8}") = "Tests", "Tests", "{BA548927-0819-44BB-A563-1A5F902F671A}"
EndProject
Project("{9A19103F-16F7-4668-BE54-9A1E7A4F7556}") = "BenFattoLog.Tests", "BenFattoLog.Tests\BenFattoLog.Tests.csproj", "{71526DB3-FDCC-4509-BB59-EC7B1B83B0A5}"
EndProject
Project("{9A19103F-16F7-4668-BE54-9A1E7A4F7556}") = "BenFattoLog.DAL", "BenFattoLog.DAL\BenFattoLog.DAL.csproj", "{E78C779A-5343-4F58-98F1-525584DC2F60}"
EndProject
Project("{9A19103F-16F7-4668-BE54-9A1E7A4F7556}") = "BenFattoLog.Domain", "BenFattoLog.Domain\BenFattoLog.Domain.csproj", "{09C0A96B-791E-4665-897A-DE7C5194331C}"
EndProject
Project("{FAE04EC0-301F-11D3-BF4B-00C04F79EFBC}") = "BenFattoLog.Utils", "BenFattoLog.Utils\BenFattoLog.Utils.csproj", "{1F469878-6D7D-4CB4-AB64-69D5E1EF55DE}"
EndProject
Global
	GlobalSection(SolutionConfigurationPlatforms) = preSolution
		Debug|Any CPU = Debug|Any CPU
		Release|Any CPU = Release|Any CPU
	EndGlobalSection
	GlobalSection(ProjectConfigurationPlatforms) = postSolution
		{886619F2-1EAC-4D60-A471-349FDB272391}.Debug|Any CPU.ActiveCfg = Debug|Any CPU
		{886619F2-1EAC-4D60-A471-349FDB272391}.Debug|Any CPU.Build.0 = Debug|Any CPU
		{886619F2-1EAC-4D60-A471-349FDB272391}.Release|Any CPU.ActiveCfg = Release|Any CPU
		{886619F2-1EAC-4D60-A471-349FDB272391}.Release|Any CPU.Build.0 = Release|Any CPU
		{61E1E1E6-8BA9-4A89-8B80-3AD10E9BA8A7}.Debug|Any CPU.ActiveCfg = Debug|Any CPU
		{61E1E1E6-8BA9-4A89-8B80-3AD10E9BA8A7}.Debug|Any CPU.Build.0 = Debug|Any CPU
		{61E1E1E6-8BA9-4A89-8B80-3AD10E9BA8A7}.Release|Any CPU.ActiveCfg = Release|Any CPU
		{61E1E1E6-8BA9-4A89-8B80-3AD10E9BA8A7}.Release|Any CPU.Build.0 = Release|Any CPU
		{256C7248-292F-45FF-B848-5765F749DE92}.Debug|Any CPU.ActiveCfg = Debug|Any CPU
		{256C7248-292F-45FF-B848-5765F749DE92}.Debug|Any CPU.Build.0 = Debug|Any CPU
		{256C7248-292F-45FF-B848-5765F749DE92}.Release|Any CPU.ActiveCfg = Release|Any CPU
		{256C7248-292F-45FF-B848-5765F749DE92}.Release|Any CPU.Build.0 = Release|Any CPU
		{71526DB3-FDCC-4509-BB59-EC7B1B83B0A5}.Debug|Any CPU.ActiveCfg = Debug|Any CPU
		{71526DB3-FDCC-4509-BB59-EC7B1B83B0A5}.Debug|Any CPU.Build.0 = Debug|Any CPU
		{71526DB3-FDCC-4509-BB59-EC7B1B83B0A5}.Release|Any CPU.ActiveCfg = Release|Any CPU
		{71526DB3-FDCC-4509-BB59-EC7B1B83B0A5}.Release|Any CPU.Build.0 = Release|Any CPU
		{E78C779A-5343-4F58-98F1-525584DC2F60}.Debug|Any CPU.ActiveCfg = Debug|Any CPU
		{E78C779A-5343-4F58-98F1-525584DC2F60}.Debug|Any CPU.Build.0 = Debug|Any CPU
		{E78C779A-5343-4F58-98F1-525584DC2F60}.Release|Any CPU.ActiveCfg = Release|Any CPU
		{E78C779A-5343-4F58-98F1-525584DC2F60}.Release|Any CPU.Build.0 = Release|Any CPU
		{09C0A96B-791E-4665-897A-DE7C5194331C}.Debug|Any CPU.ActiveCfg = Debug|Any CPU
		{09C0A96B-791E-4665-897A-DE7C5194331C}.Debug|Any CPU.Build.0 = Debug|Any CPU
		{09C0A96B-791E-4665-897A-DE7C5194331C}.Release|Any CPU.ActiveCfg = Release|Any CPU
		{09C0A96B-791E-4665-897A-DE7C5194331C}.Release|Any CPU.Build.0 = Release|Any CPU
		{1F469878-6D7D-4CB4-AB64-69D5E1EF55DE}.Debug|Any CPU.ActiveCfg = Debug|Any CPU
		{1F469878-6D7D-4CB4-AB64-69D5E1EF55DE}.Debug|Any CPU.Build.0 = Debug|Any CPU
		{1F469878-6D7D-4CB4-AB64-69D5E1EF55DE}.Release|Any CPU.ActiveCfg = Release|Any CPU
		{1F469878-6D7D-4CB4-AB64-69D5E1EF55DE}.Release|Any CPU.Build.0 = Release|Any CPU
	EndGlobalSection
	GlobalSection(SolutionProperties) = preSolution
		HideSolutionNode = FALSE
	EndGlobalSection
	GlobalSection(NestedProjects) = preSolution
		{886619F2-1EAC-4D60-A471-349FDB272391} = {095D35B1-F231-4061-95BC-62BB9255B210}
		{61E1E1E6-8BA9-4A89-8B80-3AD10E9BA8A7} = {31C31B80-DCDB-400E-A680-87C5D161F9C7}
		{256C7248-292F-45FF-B848-5765F749DE92} = {095D35B1-F231-4061-95BC-62BB9255B210}
		{71526DB3-FDCC-4509-BB59-EC7B1B83B0A5} = {BA548927-0819-44BB-A563-1A5F902F671A}
		{E78C779A-5343-4F58-98F1-525584DC2F60} = {41E0855D-F786-44C3-B0AF-494ADDFC7AD7}
		{09C0A96B-791E-4665-897A-DE7C5194331C} = {6AF5C3B8-B834-47DA-9DE1-7F4EB07BA1D1}
		{1F469878-6D7D-4CB4-AB64-69D5E1EF55DE} = {41E0855D-F786-44C3-B0AF-494ADDFC7AD7}
	EndGlobalSection
	GlobalSection(ExtensibilityGlobals) = postSolution
		SolutionGuid = {CFA594CC-E559-4020-845B-8960831E9976}
	EndGlobalSection
EndGlobal
